
Microsoft Visual Studio Solution File, Format Version 12.00
# Visual Studio Version 17
VisualStudioVersion = 17.13.35919.96 d17.13
MinimumVisualStudioVersion = 10.0.40219.1
Project("{FAE04EC0-301F-11D3-BF4B-00C04F79EFBC}") = "assig_4", "assig_4\assig_4.csproj", "{53B7F266-AA9B-45E4-8335-7A3C9E45FDC5}"
EndProject
Global
	GlobalSection(SolutionConfigurationPlatforms) = preSolution
		Debug|Any CPU = Debug|Any CPU
		Release|Any CPU = Release|Any CPU
	EndGlobalSection
	GlobalSection(ProjectConfigurationPlatforms) = postSolution
		{53B7F266-AA9B-45E4-8335-7A3C9E45FDC5}.Debug|Any CPU.ActiveCfg = Debug|Any CPU
		{53B7F266-AA9B-45E4-8335-7A3C9E45FDC5}.Debug|Any CPU.Build.0 = Debug|Any CPU
		{53B7F266-AA9B-45E4-8335-7A3C9E45FDC5}.Release|Any CPU.ActiveCfg = Release|Any CPU
		{53B7F266-AA9B-45E4-8335-7A3C9E45FDC5}.Release|Any CPU.Build.0 = Release|Any CPU
	EndGlobalSection
	GlobalSection(SolutionProperties) = preSolution
		HideSolutionNode = FALSE
	EndGlobalSection
	GlobalSection(ExtensibilityGlobals) = postSolution
		SolutionGuid = {4DC103EF-76AD-4EE3-916C-15444A93E7BC}
	EndGlobalSection
EndGlobal
